
Microsoft Visual Studio Solution File, Format Version 12.00
# Visual Studio 15
VisualStudioVersion = 15.0.28307.902
MinimumVisualStudioVersion = 10.0.40219.1
Project("{8BC9CEB8-8B4A-11D0-8D11-00A0C91BC942}") = "Bai01", "Bai01\Bai01.vcxproj", "{151285D7-A9DE-43B8-9890-DD42DBEAACCC}"
EndProject
Project("{8BC9CEB8-8B4A-11D0-8D11-00A0C91BC942}") = "Bai02", "Bai02\Bai02.vcxproj", "{9238F847-DE1A-40B0-946C-A4BCE3492750}"
EndProject
Global
	GlobalSection(SolutionConfigurationPlatforms) = preSolution
		Debug|x64 = Debug|x64
		Debug|x86 = Debug|x86
		Release|x64 = Release|x64
		Release|x86 = Release|x86
	EndGlobalSection
	GlobalSection(ProjectConfigurationPlatforms) = postSolution
		{151285D7-A9DE-43B8-9890-DD42DBEAACCC}.Debug|x64.ActiveCfg = Debug|x64
		{151285D7-A9DE-43B8-9890-DD42DBEAACCC}.Debug|x64.Build.0 = Debug|x64
		{151285D7-A9DE-43B8-9890-DD42DBEAACCC}.Debug|x86.ActiveCfg = Debug|Win32
		{151285D7-A9DE-43B8-9890-DD42DBEAACCC}.Debug|x86.Build.0 = Debug|Win32
		{151285D7-A9DE-43B8-9890-DD42DBEAACCC}.Release|x64.ActiveCfg = Release|x64
		{151285D7-A9DE-43B8-9890-DD42DBEAACCC}.Release|x64.Build.0 = Release|x64
		{151285D7-A9DE-43B8-9890-DD42DBEAACCC}.Release|x86.ActiveCfg = Release|Win32
		{151285D7-A9DE-43B8-9890-DD42DBEAACCC}.Release|x86.Build.0 = Release|Win32
		{9238F847-DE1A-40B0-946C-A4BCE3492750}.Debug|x64.ActiveCfg = Debug|x64
		{9238F847-DE1A-40B0-946C-A4BCE3492750}.Debug|x64.Build.0 = Debug|x64
		{9238F847-DE1A-40B0-946C-A4BCE3492750}.Debug|x86.ActiveCfg = Debug|Win32
		{9238F847-DE1A-40B0-946C-A4BCE3492750}.Debug|x86.Build.0 = Debug|Win32
		{9238F847-DE1A-40B0-946C-A4BCE3492750}.Release|x64.ActiveCfg = Release|x64
		{9238F847-DE1A-40B0-946C-A4BCE3492750}.Release|x64.Build.0 = Release|x64
		{9238F847-DE1A-40B0-946C-A4BCE3492750}.Release|x86.ActiveCfg = Release|Win32
		{9238F847-DE1A-40B0-946C-A4BCE3492750}.Release|x86.Build.0 = Release|Win32
	EndGlobalSection
	GlobalSection(SolutionProperties) = preSolution
		HideSolutionNode = FALSE
	EndGlobalSection
	GlobalSection(ExtensibilityGlobals) = postSolution
		SolutionGuid = {DA394944-AFEB-4371-BC51-7D69FE05E331}
	EndGlobalSection
EndGlobal
