
Microsoft Visual Studio Solution File, Format Version 12.00
# Visual Studio 15
VisualStudioVersion = 15.0.28307.902
MinimumVisualStudioVersion = 10.0.40219.1
Project("{8BC9CEB8-8B4A-11D0-8D11-00A0C91BC942}") = "Bai01", "Bai01\Bai01.vcxproj", "{BD63BCF6-D789-4AC2-AE0A-23FF69E116F0}"
EndProject
Project("{8BC9CEB8-8B4A-11D0-8D11-00A0C91BC942}") = "Bai02", "Bai02\Bai02.vcxproj", "{9BDB4D2F-7785-4FBD-8022-E00596419C77}"
EndProject
Project("{8BC9CEB8-8B4A-11D0-8D11-00A0C91BC942}") = "Bai03", "Bai03\Bai03.vcxproj", "{864DE380-2DB2-4A0E-A084-0FBBEE28E219}"
EndProject
Project("{8BC9CEB8-8B4A-11D0-8D11-00A0C91BC942}") = "Bai04", "Bai04\Bai04.vcxproj", "{C0341AF4-C819-4090-B26B-DB6999329200}"
EndProject
Project("{8BC9CEB8-8B4A-11D0-8D11-00A0C91BC942}") = "Bai05", "Bai05\Bai05.vcxproj", "{6A006681-E670-4F71-A1B1-A42C4F7BF058}"
EndProject
Project("{8BC9CEB8-8B4A-11D0-8D11-00A0C91BC942}") = "Bai06", "Bai06\Bai06.vcxproj", "{F54B40BC-E8FA-4338-B8B6-744F2BCA2C85}"
EndProject
Project("{8BC9CEB8-8B4A-11D0-8D11-00A0C91BC942}") = "Bai07", "Bai07\Bai07.vcxproj", "{4481F736-670C-48B7-B5CE-7F8CAEA443D0}"
EndProject
Project("{8BC9CEB8-8B4A-11D0-8D11-00A0C91BC942}") = "Bai08", "Bai08\Bai08.vcxproj", "{525A44B6-CB0F-4EBD-A04D-B620CC811538}"
EndProject
Global
	GlobalSection(SolutionConfigurationPlatforms) = preSolution
		Debug|x64 = Debug|x64
		Debug|x86 = Debug|x86
		Release|x64 = Release|x64
		Release|x86 = Release|x86
	EndGlobalSection
	GlobalSection(ProjectConfigurationPlatforms) = postSolution
		{BD63BCF6-D789-4AC2-AE0A-23FF69E116F0}.Debug|x64.ActiveCfg = Debug|x64
		{BD63BCF6-D789-4AC2-AE0A-23FF69E116F0}.Debug|x64.Build.0 = Debug|x64
		{BD63BCF6-D789-4AC2-AE0A-23FF69E116F0}.Debug|x86.ActiveCfg = Debug|Win32
		{BD63BCF6-D789-4AC2-AE0A-23FF69E116F0}.Debug|x86.Build.0 = Debug|Win32
		{BD63BCF6-D789-4AC2-AE0A-23FF69E116F0}.Release|x64.ActiveCfg = Release|x64
		{BD63BCF6-D789-4AC2-AE0A-23FF69E116F0}.Release|x64.Build.0 = Release|x64
		{BD63BCF6-D789-4AC2-AE0A-23FF69E116F0}.Release|x86.ActiveCfg = Release|Win32
		{BD63BCF6-D789-4AC2-AE0A-23FF69E116F0}.Release|x86.Build.0 = Release|Win32
		{9BDB4D2F-7785-4FBD-8022-E00596419C77}.Debug|x64.ActiveCfg = Debug|x64
		{9BDB4D2F-7785-4FBD-8022-E00596419C77}.Debug|x64.Build.0 = Debug|x64
		{9BDB4D2F-7785-4FBD-8022-E00596419C77}.Debug|x86.ActiveCfg = Debug|Win32
		{9BDB4D2F-7785-4FBD-8022-E00596419C77}.Debug|x86.Build.0 = Debug|Win32
		{9BDB4D2F-7785-4FBD-8022-E00596419C77}.Release|x64.ActiveCfg = Release|x64
		{9BDB4D2F-7785-4FBD-8022-E00596419C77}.Release|x64.Build.0 = Release|x64
		{9BDB4D2F-7785-4FBD-8022-E00596419C77}.Release|x86.ActiveCfg = Release|Win32
		{9BDB4D2F-7785-4FBD-8022-E00596419C77}.Release|x86.Build.0 = Release|Win32
		{864DE380-2DB2-4A0E-A084-0FBBEE28E219}.Debug|x64.ActiveCfg = Debug|x64
		{864DE380-2DB2-4A0E-A084-0FBBEE28E219}.Debug|x64.Build.0 = Debug|x64
		{864DE380-2DB2-4A0E-A084-0FBBEE28E219}.Debug|x86.ActiveCfg = Debug|Win32
		{864DE380-2DB2-4A0E-A084-0FBBEE28E219}.Debug|x86.Build.0 = Debug|Win32
		{864DE380-2DB2-4A0E-A084-0FBBEE28E219}.Release|x64.ActiveCfg = Release|x64
		{864DE380-2DB2-4A0E-A084-0FBBEE28E219}.Release|x64.Build.0 = Release|x64
		{864DE380-2DB2-4A0E-A084-0FBBEE28E219}.Release|x86.ActiveCfg = Release|Win32
		{864DE380-2DB2-4A0E-A084-0FBBEE28E219}.Release|x86.Build.0 = Release|Win32
		{C0341AF4-C819-4090-B26B-DB6999329200}.Debug|x64.ActiveCfg = Debug|x64
		{C0341AF4-C819-4090-B26B-DB6999329200}.Debug|x64.Build.0 = Debug|x64
		{C0341AF4-C819-4090-B26B-DB6999329200}.Debug|x86.ActiveCfg = Debug|Win32
		{C0341AF4-C819-4090-B26B-DB6999329200}.Debug|x86.Build.0 = Debug|Win32
		{C0341AF4-C819-4090-B26B-DB6999329200}.Release|x64.ActiveCfg = Release|x64
		{C0341AF4-C819-4090-B26B-DB6999329200}.Release|x64.Build.0 = Release|x64
		{C0341AF4-C819-4090-B26B-DB6999329200}.Release|x86.ActiveCfg = Release|Win32
		{C0341AF4-C819-4090-B26B-DB6999329200}.Release|x86.Build.0 = Release|Win32
		{6A006681-E670-4F71-A1B1-A42C4F7BF058}.Debug|x64.ActiveCfg = Debug|x64
		{6A006681-E670-4F71-A1B1-A42C4F7BF058}.Debug|x64.Build.0 = Debug|x64
		{6A006681-E670-4F71-A1B1-A42C4F7BF058}.Debug|x86.ActiveCfg = Debug|Win32
		{6A006681-E670-4F71-A1B1-A42C4F7BF058}.Debug|x86.Build.0 = Debug|Win32
		{6A006681-E670-4F71-A1B1-A42C4F7BF058}.Release|x64.ActiveCfg = Release|x64
		{6A006681-E670-4F71-A1B1-A42C4F7BF058}.Release|x64.Build.0 = Release|x64
		{6A006681-E670-4F71-A1B1-A42C4F7BF058}.Release|x86.ActiveCfg = Release|Win32
		{6A006681-E670-4F71-A1B1-A42C4F7BF058}.Release|x86.Build.0 = Release|Win32
		{F54B40BC-E8FA-4338-B8B6-744F2BCA2C85}.Debug|x64.ActiveCfg = Debug|x64
		{F54B40BC-E8FA-4338-B8B6-744F2BCA2C85}.Debug|x64.Build.0 = Debug|x64
		{F54B40BC-E8FA-4338-B8B6-744F2BCA2C85}.Debug|x86.ActiveCfg = Debug|Win32
		{F54B40BC-E8FA-4338-B8B6-744F2BCA2C85}.Debug|x86.Build.0 = Debug|Win32
		{F54B40BC-E8FA-4338-B8B6-744F2BCA2C85}.Release|x64.ActiveCfg = Release|x64
		{F54B40BC-E8FA-4338-B8B6-744F2BCA2C85}.Release|x64.Build.0 = Release|x64
		{F54B40BC-E8FA-4338-B8B6-744F2BCA2C85}.Release|x86.ActiveCfg = Release|Win32
		{F54B40BC-E8FA-4338-B8B6-744F2BCA2C85}.Release|x86.Build.0 = Release|Win32
		{4481F736-670C-48B7-B5CE-7F8CAEA443D0}.Debug|x64.ActiveCfg = Debug|x64
		{4481F736-670C-48B7-B5CE-7F8CAEA443D0}.Debug|x64.Build.0 = Debug|x64
		{4481F736-670C-48B7-B5CE-7F8CAEA443D0}.Debug|x86.ActiveCfg = Debug|Win32
		{4481F736-670C-48B7-B5CE-7F8CAEA443D0}.Debug|x86.Build.0 = Debug|Win32
		{4481F736-670C-48B7-B5CE-7F8CAEA443D0}.Release|x64.ActiveCfg = Release|x64
		{4481F736-670C-48B7-B5CE-7F8CAEA443D0}.Release|x64.Build.0 = Release|x64
		{4481F736-670C-48B7-B5CE-7F8CAEA443D0}.Release|x86.ActiveCfg = Release|Win32
		{4481F736-670C-48B7-B5CE-7F8CAEA443D0}.Release|x86.Build.0 = Release|Win32
		{525A44B6-CB0F-4EBD-A04D-B620CC811538}.Debug|x64.ActiveCfg = Debug|x64
		{525A44B6-CB0F-4EBD-A04D-B620CC811538}.Debug|x64.Build.0 = Debug|x64
		{525A44B6-CB0F-4EBD-A04D-B620CC811538}.Debug|x86.ActiveCfg = Debug|Win32
		{525A44B6-CB0F-4EBD-A04D-B620CC811538}.Debug|x86.Build.0 = Debug|Win32
		{525A44B6-CB0F-4EBD-A04D-B620CC811538}.Release|x64.ActiveCfg = Release|x64
		{525A44B6-CB0F-4EBD-A04D-B620CC811538}.Release|x64.Build.0 = Release|x64
		{525A44B6-CB0F-4EBD-A04D-B620CC811538}.Release|x86.ActiveCfg = Release|Win32
		{525A44B6-CB0F-4EBD-A04D-B620CC811538}.Release|x86.Build.0 = Release|Win32
	EndGlobalSection
	GlobalSection(SolutionProperties) = preSolution
		HideSolutionNode = FALSE
	EndGlobalSection
	GlobalSection(ExtensibilityGlobals) = postSolution
		SolutionGuid = {CAD4FDFA-DB63-4060-99A9-3080859BD829}
	EndGlobalSection
EndGlobal
