
Microsoft Visual Studio Solution File, Format Version 12.00
# Visual Studio 15
VisualStudioVersion = 15.0.28307.852
MinimumVisualStudioVersion = 10.0.40219.1
Project("{8BC9CEB8-8B4A-11D0-8D11-00A0C91BC942}") = "Bai01", "Bai01\Bai01.vcxproj", "{DA1B7626-1D9F-447E-AF87-CC48BF6F5CDE}"
EndProject
Project("{8BC9CEB8-8B4A-11D0-8D11-00A0C91BC942}") = "Bai02", "Bai02\Bai02.vcxproj", "{9F9E4849-4CE6-4A52-9343-E7EA08F5224B}"
EndProject
Project("{8BC9CEB8-8B4A-11D0-8D11-00A0C91BC942}") = "Bai03", "Bai03\Bai03.vcxproj", "{03B6FDC4-06D8-4549-B48C-ABA6916C633F}"
EndProject
Project("{8BC9CEB8-8B4A-11D0-8D11-00A0C91BC942}") = "Bai04", "Bai04\Bai04.vcxproj", "{BBAEE535-0E5E-4F2D-AD5A-2C648ABBA745}"
EndProject
Project("{8BC9CEB8-8B4A-11D0-8D11-00A0C91BC942}") = "Bai05", "Bai05\Bai05.vcxproj", "{6F461849-D5BB-4C85-8CD1-E32B1AD6D7F9}"
EndProject
Project("{8BC9CEB8-8B4A-11D0-8D11-00A0C91BC942}") = "Bai06", "Bai06\Bai06.vcxproj", "{F4191ED3-B1D5-42F5-8BB8-070C89639780}"
EndProject
Project("{8BC9CEB8-8B4A-11D0-8D11-00A0C91BC942}") = "Bai07", "Bai07\Bai07.vcxproj", "{1DE3DFA0-3CCA-4D06-8FAD-1DE3ED028337}"
EndProject
Project("{8BC9CEB8-8B4A-11D0-8D11-00A0C91BC942}") = "Bai08", "Bai08\Bai08.vcxproj", "{0029BDCA-3934-41A9-9CC6-8C9CDD120B98}"
EndProject
Project("{8BC9CEB8-8B4A-11D0-8D11-00A0C91BC942}") = "Bai09", "Bai09\Bai09.vcxproj", "{F8474011-73A9-4645-A04E-400A776AB8ED}"
EndProject
Project("{8BC9CEB8-8B4A-11D0-8D11-00A0C91BC942}") = "Bai10", "Bai10\Bai10.vcxproj", "{2EAF41C5-D642-4F5B-820B-30547A20FE83}"
EndProject
Global
	GlobalSection(SolutionConfigurationPlatforms) = preSolution
		Debug|x64 = Debug|x64
		Debug|x86 = Debug|x86
		Release|x64 = Release|x64
		Release|x86 = Release|x86
	EndGlobalSection
	GlobalSection(ProjectConfigurationPlatforms) = postSolution
		{DA1B7626-1D9F-447E-AF87-CC48BF6F5CDE}.Debug|x64.ActiveCfg = Debug|x64
		{DA1B7626-1D9F-447E-AF87-CC48BF6F5CDE}.Debug|x64.Build.0 = Debug|x64
		{DA1B7626-1D9F-447E-AF87-CC48BF6F5CDE}.Debug|x86.ActiveCfg = Debug|Win32
		{DA1B7626-1D9F-447E-AF87-CC48BF6F5CDE}.Debug|x86.Build.0 = Debug|Win32
		{DA1B7626-1D9F-447E-AF87-CC48BF6F5CDE}.Release|x64.ActiveCfg = Release|x64
		{DA1B7626-1D9F-447E-AF87-CC48BF6F5CDE}.Release|x64.Build.0 = Release|x64
		{DA1B7626-1D9F-447E-AF87-CC48BF6F5CDE}.Release|x86.ActiveCfg = Release|Win32
		{DA1B7626-1D9F-447E-AF87-CC48BF6F5CDE}.Release|x86.Build.0 = Release|Win32
		{9F9E4849-4CE6-4A52-9343-E7EA08F5224B}.Debug|x64.ActiveCfg = Debug|x64
		{9F9E4849-4CE6-4A52-9343-E7EA08F5224B}.Debug|x64.Build.0 = Debug|x64
		{9F9E4849-4CE6-4A52-9343-E7EA08F5224B}.Debug|x86.ActiveCfg = Debug|Win32
		{9F9E4849-4CE6-4A52-9343-E7EA08F5224B}.Debug|x86.Build.0 = Debug|Win32
		{9F9E4849-4CE6-4A52-9343-E7EA08F5224B}.Release|x64.ActiveCfg = Release|x64
		{9F9E4849-4CE6-4A52-9343-E7EA08F5224B}.Release|x64.Build.0 = Release|x64
		{9F9E4849-4CE6-4A52-9343-E7EA08F5224B}.Release|x86.ActiveCfg = Release|Win32
		{9F9E4849-4CE6-4A52-9343-E7EA08F5224B}.Release|x86.Build.0 = Release|Win32
		{03B6FDC4-06D8-4549-B48C-ABA6916C633F}.Debug|x64.ActiveCfg = Debug|x64
		{03B6FDC4-06D8-4549-B48C-ABA6916C633F}.Debug|x64.Build.0 = Debug|x64
		{03B6FDC4-06D8-4549-B48C-ABA6916C633F}.Debug|x86.ActiveCfg = Debug|Win32
		{03B6FDC4-06D8-4549-B48C-ABA6916C633F}.Debug|x86.Build.0 = Debug|Win32
		{03B6FDC4-06D8-4549-B48C-ABA6916C633F}.Release|x64.ActiveCfg = Release|x64
		{03B6FDC4-06D8-4549-B48C-ABA6916C633F}.Release|x64.Build.0 = Release|x64
		{03B6FDC4-06D8-4549-B48C-ABA6916C633F}.Release|x86.ActiveCfg = Release|Win32
		{03B6FDC4-06D8-4549-B48C-ABA6916C633F}.Release|x86.Build.0 = Release|Win32
		{BBAEE535-0E5E-4F2D-AD5A-2C648ABBA745}.Debug|x64.ActiveCfg = Debug|x64
		{BBAEE535-0E5E-4F2D-AD5A-2C648ABBA745}.Debug|x64.Build.0 = Debug|x64
		{BBAEE535-0E5E-4F2D-AD5A-2C648ABBA745}.Debug|x86.ActiveCfg = Debug|Win32
		{BBAEE535-0E5E-4F2D-AD5A-2C648ABBA745}.Debug|x86.Build.0 = Debug|Win32
		{BBAEE535-0E5E-4F2D-AD5A-2C648ABBA745}.Release|x64.ActiveCfg = Release|x64
		{BBAEE535-0E5E-4F2D-AD5A-2C648ABBA745}.Release|x64.Build.0 = Release|x64
		{BBAEE535-0E5E-4F2D-AD5A-2C648ABBA745}.Release|x86.ActiveCfg = Release|Win32
		{BBAEE535-0E5E-4F2D-AD5A-2C648ABBA745}.Release|x86.Build.0 = Release|Win32
		{6F461849-D5BB-4C85-8CD1-E32B1AD6D7F9}.Debug|x64.ActiveCfg = Debug|x64
		{6F461849-D5BB-4C85-8CD1-E32B1AD6D7F9}.Debug|x64.Build.0 = Debug|x64
		{6F461849-D5BB-4C85-8CD1-E32B1AD6D7F9}.Debug|x86.ActiveCfg = Debug|Win32
		{6F461849-D5BB-4C85-8CD1-E32B1AD6D7F9}.Debug|x86.Build.0 = Debug|Win32
		{6F461849-D5BB-4C85-8CD1-E32B1AD6D7F9}.Release|x64.ActiveCfg = Release|x64
		{6F461849-D5BB-4C85-8CD1-E32B1AD6D7F9}.Release|x64.Build.0 = Release|x64
		{6F461849-D5BB-4C85-8CD1-E32B1AD6D7F9}.Release|x86.ActiveCfg = Release|Win32
		{6F461849-D5BB-4C85-8CD1-E32B1AD6D7F9}.Release|x86.Build.0 = Release|Win32
		{F4191ED3-B1D5-42F5-8BB8-070C89639780}.Debug|x64.ActiveCfg = Debug|x64
		{F4191ED3-B1D5-42F5-8BB8-070C89639780}.Debug|x64.Build.0 = Debug|x64
		{F4191ED3-B1D5-42F5-8BB8-070C89639780}.Debug|x86.ActiveCfg = Debug|Win32
		{F4191ED3-B1D5-42F5-8BB8-070C89639780}.Debug|x86.Build.0 = Debug|Win32
		{F4191ED3-B1D5-42F5-8BB8-070C89639780}.Release|x64.ActiveCfg = Release|x64
		{F4191ED3-B1D5-42F5-8BB8-070C89639780}.Release|x64.Build.0 = Release|x64
		{F4191ED3-B1D5-42F5-8BB8-070C89639780}.Release|x86.ActiveCfg = Release|Win32
		{F4191ED3-B1D5-42F5-8BB8-070C89639780}.Release|x86.Build.0 = Release|Win32
		{1DE3DFA0-3CCA-4D06-8FAD-1DE3ED028337}.Debug|x64.ActiveCfg = Debug|x64
		{1DE3DFA0-3CCA-4D06-8FAD-1DE3ED028337}.Debug|x64.Build.0 = Debug|x64
		{1DE3DFA0-3CCA-4D06-8FAD-1DE3ED028337}.Debug|x86.ActiveCfg = Debug|Win32
		{1DE3DFA0-3CCA-4D06-8FAD-1DE3ED028337}.Debug|x86.Build.0 = Debug|Win32
		{1DE3DFA0-3CCA-4D06-8FAD-1DE3ED028337}.Release|x64.ActiveCfg = Release|x64
		{1DE3DFA0-3CCA-4D06-8FAD-1DE3ED028337}.Release|x64.Build.0 = Release|x64
		{1DE3DFA0-3CCA-4D06-8FAD-1DE3ED028337}.Release|x86.ActiveCfg = Release|Win32
		{1DE3DFA0-3CCA-4D06-8FAD-1DE3ED028337}.Release|x86.Build.0 = Release|Win32
		{0029BDCA-3934-41A9-9CC6-8C9CDD120B98}.Debug|x64.ActiveCfg = Debug|x64
		{0029BDCA-3934-41A9-9CC6-8C9CDD120B98}.Debug|x64.Build.0 = Debug|x64
		{0029BDCA-3934-41A9-9CC6-8C9CDD120B98}.Debug|x86.ActiveCfg = Debug|Win32
		{0029BDCA-3934-41A9-9CC6-8C9CDD120B98}.Debug|x86.Build.0 = Debug|Win32
		{0029BDCA-3934-41A9-9CC6-8C9CDD120B98}.Release|x64.ActiveCfg = Release|x64
		{0029BDCA-3934-41A9-9CC6-8C9CDD120B98}.Release|x64.Build.0 = Release|x64
		{0029BDCA-3934-41A9-9CC6-8C9CDD120B98}.Release|x86.ActiveCfg = Release|Win32
		{0029BDCA-3934-41A9-9CC6-8C9CDD120B98}.Release|x86.Build.0 = Release|Win32
		{F8474011-73A9-4645-A04E-400A776AB8ED}.Debug|x64.ActiveCfg = Debug|x64
		{F8474011-73A9-4645-A04E-400A776AB8ED}.Debug|x64.Build.0 = Debug|x64
		{F8474011-73A9-4645-A04E-400A776AB8ED}.Debug|x86.ActiveCfg = Debug|Win32
		{F8474011-73A9-4645-A04E-400A776AB8ED}.Debug|x86.Build.0 = Debug|Win32
		{F8474011-73A9-4645-A04E-400A776AB8ED}.Release|x64.ActiveCfg = Release|x64
		{F8474011-73A9-4645-A04E-400A776AB8ED}.Release|x64.Build.0 = Release|x64
		{F8474011-73A9-4645-A04E-400A776AB8ED}.Release|x86.ActiveCfg = Release|Win32
		{F8474011-73A9-4645-A04E-400A776AB8ED}.Release|x86.Build.0 = Release|Win32
		{2EAF41C5-D642-4F5B-820B-30547A20FE83}.Debug|x64.ActiveCfg = Debug|x64
		{2EAF41C5-D642-4F5B-820B-30547A20FE83}.Debug|x64.Build.0 = Debug|x64
		{2EAF41C5-D642-4F5B-820B-30547A20FE83}.Debug|x86.ActiveCfg = Debug|Win32
		{2EAF41C5-D642-4F5B-820B-30547A20FE83}.Debug|x86.Build.0 = Debug|Win32
		{2EAF41C5-D642-4F5B-820B-30547A20FE83}.Release|x64.ActiveCfg = Release|x64
		{2EAF41C5-D642-4F5B-820B-30547A20FE83}.Release|x64.Build.0 = Release|x64
		{2EAF41C5-D642-4F5B-820B-30547A20FE83}.Release|x86.ActiveCfg = Release|Win32
		{2EAF41C5-D642-4F5B-820B-30547A20FE83}.Release|x86.Build.0 = Release|Win32
	EndGlobalSection
	GlobalSection(SolutionProperties) = preSolution
		HideSolutionNode = FALSE
	EndGlobalSection
	GlobalSection(ExtensibilityGlobals) = postSolution
		SolutionGuid = {68DAB052-5325-4E5C-A1DB-B2D41C47E555}
	EndGlobalSection
EndGlobal
