
Microsoft Visual Studio Solution File, Format Version 12.00
# Visual Studio 15
VisualStudioVersion = 15.0.28307.902
MinimumVisualStudioVersion = 10.0.40219.1
Project("{8BC9CEB8-8B4A-11D0-8D11-00A0C91BC942}") = "Bai01", "Bai01\Bai01.vcxproj", "{50026515-D281-4CE7-A6C3-A16503119EE6}"
EndProject
Project("{8BC9CEB8-8B4A-11D0-8D11-00A0C91BC942}") = "Bai02", "Bai02\Bai02.vcxproj", "{FAB17C50-B9DA-4AF0-BCC0-26838990315B}"
EndProject
Project("{8BC9CEB8-8B4A-11D0-8D11-00A0C91BC942}") = "Bai03", "Bai03\Bai03.vcxproj", "{8EA832AF-7A4A-4551-998B-54F07C793506}"
EndProject
Project("{8BC9CEB8-8B4A-11D0-8D11-00A0C91BC942}") = "Bai04", "Bai04\Bai04.vcxproj", "{C272F8E8-FA38-4A55-9973-9FA112E4A337}"
EndProject
Project("{8BC9CEB8-8B4A-11D0-8D11-00A0C91BC942}") = "Bai05", "Bai05\Bai05.vcxproj", "{5E12F99F-4399-4F63-BFD0-18E0248E80E5}"
EndProject
Project("{8BC9CEB8-8B4A-11D0-8D11-00A0C91BC942}") = "Bai06", "Bai06\Bai06.vcxproj", "{01932294-2754-4F84-AFF8-1E225D336282}"
EndProject
Project("{8BC9CEB8-8B4A-11D0-8D11-00A0C91BC942}") = "Bai07", "Bai07\Bai07.vcxproj", "{DF7713AB-02DE-4D7D-9150-7514B58CFEBB}"
EndProject
Project("{8BC9CEB8-8B4A-11D0-8D11-00A0C91BC942}") = "Bai08", "Bai08\Bai08.vcxproj", "{A744957F-F248-4AB9-98A8-4D950E4623E6}"
EndProject
Project("{8BC9CEB8-8B4A-11D0-8D11-00A0C91BC942}") = "Bai09", "Bai09\Bai09.vcxproj", "{7F7C716C-24E0-4902-BF14-F420606D8E2F}"
EndProject
Project("{8BC9CEB8-8B4A-11D0-8D11-00A0C91BC942}") = "Bai10", "Bai10\Bai10.vcxproj", "{348F9350-ACB9-4077-A330-3099E7C2485D}"
EndProject
Global
	GlobalSection(SolutionConfigurationPlatforms) = preSolution
		Debug|x64 = Debug|x64
		Debug|x86 = Debug|x86
		Release|x64 = Release|x64
		Release|x86 = Release|x86
	EndGlobalSection
	GlobalSection(ProjectConfigurationPlatforms) = postSolution
		{50026515-D281-4CE7-A6C3-A16503119EE6}.Debug|x64.ActiveCfg = Debug|x64
		{50026515-D281-4CE7-A6C3-A16503119EE6}.Debug|x64.Build.0 = Debug|x64
		{50026515-D281-4CE7-A6C3-A16503119EE6}.Debug|x86.ActiveCfg = Debug|Win32
		{50026515-D281-4CE7-A6C3-A16503119EE6}.Debug|x86.Build.0 = Debug|Win32
		{50026515-D281-4CE7-A6C3-A16503119EE6}.Release|x64.ActiveCfg = Release|x64
		{50026515-D281-4CE7-A6C3-A16503119EE6}.Release|x64.Build.0 = Release|x64
		{50026515-D281-4CE7-A6C3-A16503119EE6}.Release|x86.ActiveCfg = Release|Win32
		{50026515-D281-4CE7-A6C3-A16503119EE6}.Release|x86.Build.0 = Release|Win32
		{FAB17C50-B9DA-4AF0-BCC0-26838990315B}.Debug|x64.ActiveCfg = Debug|x64
		{FAB17C50-B9DA-4AF0-BCC0-26838990315B}.Debug|x64.Build.0 = Debug|x64
		{FAB17C50-B9DA-4AF0-BCC0-26838990315B}.Debug|x86.ActiveCfg = Debug|Win32
		{FAB17C50-B9DA-4AF0-BCC0-26838990315B}.Debug|x86.Build.0 = Debug|Win32
		{FAB17C50-B9DA-4AF0-BCC0-26838990315B}.Release|x64.ActiveCfg = Release|x64
		{FAB17C50-B9DA-4AF0-BCC0-26838990315B}.Release|x64.Build.0 = Release|x64
		{FAB17C50-B9DA-4AF0-BCC0-26838990315B}.Release|x86.ActiveCfg = Release|Win32
		{FAB17C50-B9DA-4AF0-BCC0-26838990315B}.Release|x86.Build.0 = Release|Win32
		{8EA832AF-7A4A-4551-998B-54F07C793506}.Debug|x64.ActiveCfg = Debug|x64
		{8EA832AF-7A4A-4551-998B-54F07C793506}.Debug|x64.Build.0 = Debug|x64
		{8EA832AF-7A4A-4551-998B-54F07C793506}.Debug|x86.ActiveCfg = Debug|Win32
		{8EA832AF-7A4A-4551-998B-54F07C793506}.Debug|x86.Build.0 = Debug|Win32
		{8EA832AF-7A4A-4551-998B-54F07C793506}.Release|x64.ActiveCfg = Release|x64
		{8EA832AF-7A4A-4551-998B-54F07C793506}.Release|x64.Build.0 = Release|x64
		{8EA832AF-7A4A-4551-998B-54F07C793506}.Release|x86.ActiveCfg = Release|Win32
		{8EA832AF-7A4A-4551-998B-54F07C793506}.Release|x86.Build.0 = Release|Win32
		{C272F8E8-FA38-4A55-9973-9FA112E4A337}.Debug|x64.ActiveCfg = Debug|x64
		{C272F8E8-FA38-4A55-9973-9FA112E4A337}.Debug|x64.Build.0 = Debug|x64
		{C272F8E8-FA38-4A55-9973-9FA112E4A337}.Debug|x86.ActiveCfg = Debug|Win32
		{C272F8E8-FA38-4A55-9973-9FA112E4A337}.Debug|x86.Build.0 = Debug|Win32
		{C272F8E8-FA38-4A55-9973-9FA112E4A337}.Release|x64.ActiveCfg = Release|x64
		{C272F8E8-FA38-4A55-9973-9FA112E4A337}.Release|x64.Build.0 = Release|x64
		{C272F8E8-FA38-4A55-9973-9FA112E4A337}.Release|x86.ActiveCfg = Release|Win32
		{C272F8E8-FA38-4A55-9973-9FA112E4A337}.Release|x86.Build.0 = Release|Win32
		{5E12F99F-4399-4F63-BFD0-18E0248E80E5}.Debug|x64.ActiveCfg = Debug|x64
		{5E12F99F-4399-4F63-BFD0-18E0248E80E5}.Debug|x64.Build.0 = Debug|x64
		{5E12F99F-4399-4F63-BFD0-18E0248E80E5}.Debug|x86.ActiveCfg = Debug|Win32
		{5E12F99F-4399-4F63-BFD0-18E0248E80E5}.Debug|x86.Build.0 = Debug|Win32
		{5E12F99F-4399-4F63-BFD0-18E0248E80E5}.Release|x64.ActiveCfg = Release|x64
		{5E12F99F-4399-4F63-BFD0-18E0248E80E5}.Release|x64.Build.0 = Release|x64
		{5E12F99F-4399-4F63-BFD0-18E0248E80E5}.Release|x86.ActiveCfg = Release|Win32
		{5E12F99F-4399-4F63-BFD0-18E0248E80E5}.Release|x86.Build.0 = Release|Win32
		{01932294-2754-4F84-AFF8-1E225D336282}.Debug|x64.ActiveCfg = Debug|x64
		{01932294-2754-4F84-AFF8-1E225D336282}.Debug|x64.Build.0 = Debug|x64
		{01932294-2754-4F84-AFF8-1E225D336282}.Debug|x86.ActiveCfg = Debug|Win32
		{01932294-2754-4F84-AFF8-1E225D336282}.Debug|x86.Build.0 = Debug|Win32
		{01932294-2754-4F84-AFF8-1E225D336282}.Release|x64.ActiveCfg = Release|x64
		{01932294-2754-4F84-AFF8-1E225D336282}.Release|x64.Build.0 = Release|x64
		{01932294-2754-4F84-AFF8-1E225D336282}.Release|x86.ActiveCfg = Release|Win32
		{01932294-2754-4F84-AFF8-1E225D336282}.Release|x86.Build.0 = Release|Win32
		{DF7713AB-02DE-4D7D-9150-7514B58CFEBB}.Debug|x64.ActiveCfg = Debug|x64
		{DF7713AB-02DE-4D7D-9150-7514B58CFEBB}.Debug|x64.Build.0 = Debug|x64
		{DF7713AB-02DE-4D7D-9150-7514B58CFEBB}.Debug|x86.ActiveCfg = Debug|Win32
		{DF7713AB-02DE-4D7D-9150-7514B58CFEBB}.Debug|x86.Build.0 = Debug|Win32
		{DF7713AB-02DE-4D7D-9150-7514B58CFEBB}.Release|x64.ActiveCfg = Release|x64
		{DF7713AB-02DE-4D7D-9150-7514B58CFEBB}.Release|x64.Build.0 = Release|x64
		{DF7713AB-02DE-4D7D-9150-7514B58CFEBB}.Release|x86.ActiveCfg = Release|Win32
		{DF7713AB-02DE-4D7D-9150-7514B58CFEBB}.Release|x86.Build.0 = Release|Win32
		{A744957F-F248-4AB9-98A8-4D950E4623E6}.Debug|x64.ActiveCfg = Debug|x64
		{A744957F-F248-4AB9-98A8-4D950E4623E6}.Debug|x64.Build.0 = Debug|x64
		{A744957F-F248-4AB9-98A8-4D950E4623E6}.Debug|x86.ActiveCfg = Debug|Win32
		{A744957F-F248-4AB9-98A8-4D950E4623E6}.Debug|x86.Build.0 = Debug|Win32
		{A744957F-F248-4AB9-98A8-4D950E4623E6}.Release|x64.ActiveCfg = Release|x64
		{A744957F-F248-4AB9-98A8-4D950E4623E6}.Release|x64.Build.0 = Release|x64
		{A744957F-F248-4AB9-98A8-4D950E4623E6}.Release|x86.ActiveCfg = Release|Win32
		{A744957F-F248-4AB9-98A8-4D950E4623E6}.Release|x86.Build.0 = Release|Win32
		{7F7C716C-24E0-4902-BF14-F420606D8E2F}.Debug|x64.ActiveCfg = Debug|x64
		{7F7C716C-24E0-4902-BF14-F420606D8E2F}.Debug|x64.Build.0 = Debug|x64
		{7F7C716C-24E0-4902-BF14-F420606D8E2F}.Debug|x86.ActiveCfg = Debug|Win32
		{7F7C716C-24E0-4902-BF14-F420606D8E2F}.Debug|x86.Build.0 = Debug|Win32
		{7F7C716C-24E0-4902-BF14-F420606D8E2F}.Release|x64.ActiveCfg = Release|x64
		{7F7C716C-24E0-4902-BF14-F420606D8E2F}.Release|x64.Build.0 = Release|x64
		{7F7C716C-24E0-4902-BF14-F420606D8E2F}.Release|x86.ActiveCfg = Release|Win32
		{7F7C716C-24E0-4902-BF14-F420606D8E2F}.Release|x86.Build.0 = Release|Win32
		{348F9350-ACB9-4077-A330-3099E7C2485D}.Debug|x64.ActiveCfg = Debug|x64
		{348F9350-ACB9-4077-A330-3099E7C2485D}.Debug|x64.Build.0 = Debug|x64
		{348F9350-ACB9-4077-A330-3099E7C2485D}.Debug|x86.ActiveCfg = Debug|Win32
		{348F9350-ACB9-4077-A330-3099E7C2485D}.Debug|x86.Build.0 = Debug|Win32
		{348F9350-ACB9-4077-A330-3099E7C2485D}.Release|x64.ActiveCfg = Release|x64
		{348F9350-ACB9-4077-A330-3099E7C2485D}.Release|x64.Build.0 = Release|x64
		{348F9350-ACB9-4077-A330-3099E7C2485D}.Release|x86.ActiveCfg = Release|Win32
		{348F9350-ACB9-4077-A330-3099E7C2485D}.Release|x86.Build.0 = Release|Win32
	EndGlobalSection
	GlobalSection(SolutionProperties) = preSolution
		HideSolutionNode = FALSE
	EndGlobalSection
	GlobalSection(ExtensibilityGlobals) = postSolution
		SolutionGuid = {6DC59FC4-3C8F-40DF-B4AD-10CF3E1FF3FC}
	EndGlobalSection
EndGlobal
