
Microsoft Visual Studio Solution File, Format Version 12.00
# Visual Studio 15
VisualStudioVersion = 15.0.28307.902
MinimumVisualStudioVersion = 10.0.40219.1
Project("{8BC9CEB8-8B4A-11D0-8D11-00A0C91BC942}") = "Bai4.1", "Bai4.1\Bai4.1.vcxproj", "{521BD1A9-0902-43C4-9A95-473CFAE1366E}"
EndProject
Project("{8BC9CEB8-8B4A-11D0-8D11-00A0C91BC942}") = "Bai4.2", "Bai4.2\Bai4.2.vcxproj", "{EAAAC02F-B35E-432C-8DF0-B7F4927009DE}"
EndProject
Global
	GlobalSection(SolutionConfigurationPlatforms) = preSolution
		Debug|x64 = Debug|x64
		Debug|x86 = Debug|x86
		Release|x64 = Release|x64
		Release|x86 = Release|x86
	EndGlobalSection
	GlobalSection(ProjectConfigurationPlatforms) = postSolution
		{521BD1A9-0902-43C4-9A95-473CFAE1366E}.Debug|x64.ActiveCfg = Debug|x64
		{521BD1A9-0902-43C4-9A95-473CFAE1366E}.Debug|x64.Build.0 = Debug|x64
		{521BD1A9-0902-43C4-9A95-473CFAE1366E}.Debug|x86.ActiveCfg = Debug|Win32
		{521BD1A9-0902-43C4-9A95-473CFAE1366E}.Debug|x86.Build.0 = Debug|Win32
		{521BD1A9-0902-43C4-9A95-473CFAE1366E}.Release|x64.ActiveCfg = Release|x64
		{521BD1A9-0902-43C4-9A95-473CFAE1366E}.Release|x64.Build.0 = Release|x64
		{521BD1A9-0902-43C4-9A95-473CFAE1366E}.Release|x86.ActiveCfg = Release|Win32
		{521BD1A9-0902-43C4-9A95-473CFAE1366E}.Release|x86.Build.0 = Release|Win32
		{EAAAC02F-B35E-432C-8DF0-B7F4927009DE}.Debug|x64.ActiveCfg = Debug|x64
		{EAAAC02F-B35E-432C-8DF0-B7F4927009DE}.Debug|x64.Build.0 = Debug|x64
		{EAAAC02F-B35E-432C-8DF0-B7F4927009DE}.Debug|x86.ActiveCfg = Debug|Win32
		{EAAAC02F-B35E-432C-8DF0-B7F4927009DE}.Debug|x86.Build.0 = Debug|Win32
		{EAAAC02F-B35E-432C-8DF0-B7F4927009DE}.Release|x64.ActiveCfg = Release|x64
		{EAAAC02F-B35E-432C-8DF0-B7F4927009DE}.Release|x64.Build.0 = Release|x64
		{EAAAC02F-B35E-432C-8DF0-B7F4927009DE}.Release|x86.ActiveCfg = Release|Win32
		{EAAAC02F-B35E-432C-8DF0-B7F4927009DE}.Release|x86.Build.0 = Release|Win32
	EndGlobalSection
	GlobalSection(SolutionProperties) = preSolution
		HideSolutionNode = FALSE
	EndGlobalSection
	GlobalSection(ExtensibilityGlobals) = postSolution
		SolutionGuid = {9E710B40-3206-497D-BE53-F82277E866D9}
	EndGlobalSection
EndGlobal
