
Microsoft Visual Studio Solution File, Format Version 12.00
# Visual Studio 14
VisualStudioVersion = 14.0.25420.1
MinimumVisualStudioVersion = 10.0.40219.1
Project("{8BC9CEB8-8B4A-11D0-8D11-00A0C91BC942}") = "Bai01", "Bai01\Bai01.vcxproj", "{B24D3064-7CD2-49CD-8492-1D81F615E321}"
EndProject
Project("{8BC9CEB8-8B4A-11D0-8D11-00A0C91BC942}") = "Bai02", "Bai02\Bai02.vcxproj", "{9EFB39EF-9AEE-4263-8249-19A22184781B}"
EndProject
Project("{8BC9CEB8-8B4A-11D0-8D11-00A0C91BC942}") = "Bai03", "Bai03\Bai03.vcxproj", "{23672B55-8237-4C7D-BE11-A763E7375A91}"
EndProject
Project("{8BC9CEB8-8B4A-11D0-8D11-00A0C91BC942}") = "Bai04", "Bai04\Bai04.vcxproj", "{F006ABAA-D166-418A-B777-9DA23B1FE632}"
EndProject
Project("{8BC9CEB8-8B4A-11D0-8D11-00A0C91BC942}") = "Bai05", "Bai05\Bai05.vcxproj", "{DDD12773-0BBF-4F2E-B94A-F92F11CA5537}"
EndProject
Project("{8BC9CEB8-8B4A-11D0-8D11-00A0C91BC942}") = "Bai06", "Bai06\Bai06.vcxproj", "{00D92A67-0830-4B2E-B4BB-CEFD360D3B9A}"
EndProject
Project("{8BC9CEB8-8B4A-11D0-8D11-00A0C91BC942}") = "Bai07", "Bai07\Bai07.vcxproj", "{48E61AAB-DB84-484A-960F-CE4317255C7A}"
EndProject
Project("{8BC9CEB8-8B4A-11D0-8D11-00A0C91BC942}") = "Bai08", "Bai08\Bai08.vcxproj", "{7B9C1505-7B78-47A0-85AC-17A36E475326}"
EndProject
Project("{8BC9CEB8-8B4A-11D0-8D11-00A0C91BC942}") = "Bai09", "Bai09\Bai09.vcxproj", "{C2ABBEE4-28BD-4D21-8EC4-E333558485F8}"
EndProject
Global
	GlobalSection(SolutionConfigurationPlatforms) = preSolution
		Debug|x64 = Debug|x64
		Debug|x86 = Debug|x86
		Release|x64 = Release|x64
		Release|x86 = Release|x86
	EndGlobalSection
	GlobalSection(ProjectConfigurationPlatforms) = postSolution
		{B24D3064-7CD2-49CD-8492-1D81F615E321}.Debug|x64.ActiveCfg = Debug|x64
		{B24D3064-7CD2-49CD-8492-1D81F615E321}.Debug|x64.Build.0 = Debug|x64
		{B24D3064-7CD2-49CD-8492-1D81F615E321}.Debug|x86.ActiveCfg = Debug|Win32
		{B24D3064-7CD2-49CD-8492-1D81F615E321}.Debug|x86.Build.0 = Debug|Win32
		{B24D3064-7CD2-49CD-8492-1D81F615E321}.Release|x64.ActiveCfg = Release|x64
		{B24D3064-7CD2-49CD-8492-1D81F615E321}.Release|x64.Build.0 = Release|x64
		{B24D3064-7CD2-49CD-8492-1D81F615E321}.Release|x86.ActiveCfg = Release|Win32
		{B24D3064-7CD2-49CD-8492-1D81F615E321}.Release|x86.Build.0 = Release|Win32
		{9EFB39EF-9AEE-4263-8249-19A22184781B}.Debug|x64.ActiveCfg = Debug|x64
		{9EFB39EF-9AEE-4263-8249-19A22184781B}.Debug|x64.Build.0 = Debug|x64
		{9EFB39EF-9AEE-4263-8249-19A22184781B}.Debug|x86.ActiveCfg = Debug|Win32
		{9EFB39EF-9AEE-4263-8249-19A22184781B}.Debug|x86.Build.0 = Debug|Win32
		{9EFB39EF-9AEE-4263-8249-19A22184781B}.Release|x64.ActiveCfg = Release|x64
		{9EFB39EF-9AEE-4263-8249-19A22184781B}.Release|x64.Build.0 = Release|x64
		{9EFB39EF-9AEE-4263-8249-19A22184781B}.Release|x86.ActiveCfg = Release|Win32
		{9EFB39EF-9AEE-4263-8249-19A22184781B}.Release|x86.Build.0 = Release|Win32
		{23672B55-8237-4C7D-BE11-A763E7375A91}.Debug|x64.ActiveCfg = Debug|x64
		{23672B55-8237-4C7D-BE11-A763E7375A91}.Debug|x64.Build.0 = Debug|x64
		{23672B55-8237-4C7D-BE11-A763E7375A91}.Debug|x86.ActiveCfg = Debug|Win32
		{23672B55-8237-4C7D-BE11-A763E7375A91}.Debug|x86.Build.0 = Debug|Win32
		{23672B55-8237-4C7D-BE11-A763E7375A91}.Release|x64.ActiveCfg = Release|x64
		{23672B55-8237-4C7D-BE11-A763E7375A91}.Release|x64.Build.0 = Release|x64
		{23672B55-8237-4C7D-BE11-A763E7375A91}.Release|x86.ActiveCfg = Release|Win32
		{23672B55-8237-4C7D-BE11-A763E7375A91}.Release|x86.Build.0 = Release|Win32
		{F006ABAA-D166-418A-B777-9DA23B1FE632}.Debug|x64.ActiveCfg = Debug|x64
		{F006ABAA-D166-418A-B777-9DA23B1FE632}.Debug|x64.Build.0 = Debug|x64
		{F006ABAA-D166-418A-B777-9DA23B1FE632}.Debug|x86.ActiveCfg = Debug|Win32
		{F006ABAA-D166-418A-B777-9DA23B1FE632}.Debug|x86.Build.0 = Debug|Win32
		{F006ABAA-D166-418A-B777-9DA23B1FE632}.Release|x64.ActiveCfg = Release|x64
		{F006ABAA-D166-418A-B777-9DA23B1FE632}.Release|x64.Build.0 = Release|x64
		{F006ABAA-D166-418A-B777-9DA23B1FE632}.Release|x86.ActiveCfg = Release|Win32
		{F006ABAA-D166-418A-B777-9DA23B1FE632}.Release|x86.Build.0 = Release|Win32
		{DDD12773-0BBF-4F2E-B94A-F92F11CA5537}.Debug|x64.ActiveCfg = Debug|x64
		{DDD12773-0BBF-4F2E-B94A-F92F11CA5537}.Debug|x64.Build.0 = Debug|x64
		{DDD12773-0BBF-4F2E-B94A-F92F11CA5537}.Debug|x86.ActiveCfg = Debug|Win32
		{DDD12773-0BBF-4F2E-B94A-F92F11CA5537}.Debug|x86.Build.0 = Debug|Win32
		{DDD12773-0BBF-4F2E-B94A-F92F11CA5537}.Release|x64.ActiveCfg = Release|x64
		{DDD12773-0BBF-4F2E-B94A-F92F11CA5537}.Release|x64.Build.0 = Release|x64
		{DDD12773-0BBF-4F2E-B94A-F92F11CA5537}.Release|x86.ActiveCfg = Release|Win32
		{DDD12773-0BBF-4F2E-B94A-F92F11CA5537}.Release|x86.Build.0 = Release|Win32
		{00D92A67-0830-4B2E-B4BB-CEFD360D3B9A}.Debug|x64.ActiveCfg = Debug|x64
		{00D92A67-0830-4B2E-B4BB-CEFD360D3B9A}.Debug|x64.Build.0 = Debug|x64
		{00D92A67-0830-4B2E-B4BB-CEFD360D3B9A}.Debug|x86.ActiveCfg = Debug|Win32
		{00D92A67-0830-4B2E-B4BB-CEFD360D3B9A}.Debug|x86.Build.0 = Debug|Win32
		{00D92A67-0830-4B2E-B4BB-CEFD360D3B9A}.Release|x64.ActiveCfg = Release|x64
		{00D92A67-0830-4B2E-B4BB-CEFD360D3B9A}.Release|x64.Build.0 = Release|x64
		{00D92A67-0830-4B2E-B4BB-CEFD360D3B9A}.Release|x86.ActiveCfg = Release|Win32
		{00D92A67-0830-4B2E-B4BB-CEFD360D3B9A}.Release|x86.Build.0 = Release|Win32
		{48E61AAB-DB84-484A-960F-CE4317255C7A}.Debug|x64.ActiveCfg = Debug|x64
		{48E61AAB-DB84-484A-960F-CE4317255C7A}.Debug|x64.Build.0 = Debug|x64
		{48E61AAB-DB84-484A-960F-CE4317255C7A}.Debug|x86.ActiveCfg = Debug|Win32
		{48E61AAB-DB84-484A-960F-CE4317255C7A}.Debug|x86.Build.0 = Debug|Win32
		{48E61AAB-DB84-484A-960F-CE4317255C7A}.Release|x64.ActiveCfg = Release|x64
		{48E61AAB-DB84-484A-960F-CE4317255C7A}.Release|x64.Build.0 = Release|x64
		{48E61AAB-DB84-484A-960F-CE4317255C7A}.Release|x86.ActiveCfg = Release|Win32
		{48E61AAB-DB84-484A-960F-CE4317255C7A}.Release|x86.Build.0 = Release|Win32
		{7B9C1505-7B78-47A0-85AC-17A36E475326}.Debug|x64.ActiveCfg = Debug|x64
		{7B9C1505-7B78-47A0-85AC-17A36E475326}.Debug|x64.Build.0 = Debug|x64
		{7B9C1505-7B78-47A0-85AC-17A36E475326}.Debug|x86.ActiveCfg = Debug|Win32
		{7B9C1505-7B78-47A0-85AC-17A36E475326}.Debug|x86.Build.0 = Debug|Win32
		{7B9C1505-7B78-47A0-85AC-17A36E475326}.Release|x64.ActiveCfg = Release|x64
		{7B9C1505-7B78-47A0-85AC-17A36E475326}.Release|x64.Build.0 = Release|x64
		{7B9C1505-7B78-47A0-85AC-17A36E475326}.Release|x86.ActiveCfg = Release|Win32
		{7B9C1505-7B78-47A0-85AC-17A36E475326}.Release|x86.Build.0 = Release|Win32
		{C2ABBEE4-28BD-4D21-8EC4-E333558485F8}.Debug|x64.ActiveCfg = Debug|x64
		{C2ABBEE4-28BD-4D21-8EC4-E333558485F8}.Debug|x64.Build.0 = Debug|x64
		{C2ABBEE4-28BD-4D21-8EC4-E333558485F8}.Debug|x86.ActiveCfg = Debug|Win32
		{C2ABBEE4-28BD-4D21-8EC4-E333558485F8}.Debug|x86.Build.0 = Debug|Win32
		{C2ABBEE4-28BD-4D21-8EC4-E333558485F8}.Release|x64.ActiveCfg = Release|x64
		{C2ABBEE4-28BD-4D21-8EC4-E333558485F8}.Release|x64.Build.0 = Release|x64
		{C2ABBEE4-28BD-4D21-8EC4-E333558485F8}.Release|x86.ActiveCfg = Release|Win32
		{C2ABBEE4-28BD-4D21-8EC4-E333558485F8}.Release|x86.Build.0 = Release|Win32
	EndGlobalSection
	GlobalSection(SolutionProperties) = preSolution
		HideSolutionNode = FALSE
	EndGlobalSection
EndGlobal
