
Microsoft Visual Studio Solution File, Format Version 12.00
# Visual Studio 15
VisualStudioVersion = 15.0.28307.852
MinimumVisualStudioVersion = 10.0.40219.1
Project("{8BC9CEB8-8B4A-11D0-8D11-00A0C91BC942}") = "Bai01a", "Bai01a\Bai01a.vcxproj", "{67BA5BB8-6695-4632-8A64-60D35F37524C}"
EndProject
Project("{8BC9CEB8-8B4A-11D0-8D11-00A0C91BC942}") = "Bai01b", "Bai01b\Bai01b.vcxproj", "{21FD81FE-EE30-47EF-B7CD-C4FD2BB37FA8}"
EndProject
Project("{8BC9CEB8-8B4A-11D0-8D11-00A0C91BC942}") = "Bai02a", "Bai02a\Bai02a.vcxproj", "{68B746D5-5F81-4861-9C81-89E06C0F1408}"
EndProject
Project("{8BC9CEB8-8B4A-11D0-8D11-00A0C91BC942}") = "Bai03a", "Bai03a\Bai03a.vcxproj", "{2A65E1DE-B6DA-4432-95A5-074978BDA53B}"
EndProject
Project("{8BC9CEB8-8B4A-11D0-8D11-00A0C91BC942}") = "Bai02b", "Bai02b\Bai02b.vcxproj", "{C84A61F3-7E47-4D75-BF7F-F98E493B4FAB}"
EndProject
Project("{8BC9CEB8-8B4A-11D0-8D11-00A0C91BC942}") = "Bai03b", "Bai03b\Bai03b.vcxproj", "{E1CD8194-12A6-44D2-A5F4-C4E7ECDE5DED}"
EndProject
Project("{8BC9CEB8-8B4A-11D0-8D11-00A0C91BC942}") = "Bai04a", "Bai04a\Bai04a.vcxproj", "{BF872D68-CDBB-4949-89FB-EBCDF778F312}"
EndProject
Project("{8BC9CEB8-8B4A-11D0-8D11-00A0C91BC942}") = "Bai04b", "Bai04b\Bai04b.vcxproj", "{3102A637-B461-4AC8-90E5-DADB4C6F4AC7}"
EndProject
Project("{8BC9CEB8-8B4A-11D0-8D11-00A0C91BC942}") = "Bai05a", "Bai05a\Bai05a.vcxproj", "{00D288A7-C003-45DE-A611-57FD2408C835}"
EndProject
Project("{8BC9CEB8-8B4A-11D0-8D11-00A0C91BC942}") = "Bai05b", "Bai05b\Bai05b.vcxproj", "{9309857B-EEB4-4088-8BC5-35A87BE98559}"
EndProject
Project("{8BC9CEB8-8B4A-11D0-8D11-00A0C91BC942}") = "Bai06a", "Bai06a\Bai06a.vcxproj", "{EA82AAC6-2D1D-4B58-BD6B-876450DE8553}"
EndProject
Project("{8BC9CEB8-8B4A-11D0-8D11-00A0C91BC942}") = "Bai06b", "Bai06b\Bai06b.vcxproj", "{3110255C-AB94-4940-93AD-C00F8BDF51F9}"
EndProject
Project("{8BC9CEB8-8B4A-11D0-8D11-00A0C91BC942}") = "Bai07a", "Bai07a\Bai07a.vcxproj", "{CD7D49C0-D71E-4288-8B8C-760665B258FD}"
EndProject
Project("{8BC9CEB8-8B4A-11D0-8D11-00A0C91BC942}") = "Bai07b", "Bai07b\Bai07b.vcxproj", "{EC6512BC-4E86-4239-841D-9D3591FC5663}"
EndProject
Project("{8BC9CEB8-8B4A-11D0-8D11-00A0C91BC942}") = "Bai08a", "Bai08a\Bai08a.vcxproj", "{B368B5DB-7E04-438A-BBD4-1DD4305FB792}"
EndProject
Project("{8BC9CEB8-8B4A-11D0-8D11-00A0C91BC942}") = "Bai08b", "Bai08b\Bai08b.vcxproj", "{B59AE4BE-A8FF-4C8F-91D1-8C69746E3F38}"
EndProject
Project("{8BC9CEB8-8B4A-11D0-8D11-00A0C91BC942}") = "Bai09a", "Bai09a\Bai09a.vcxproj", "{DBD4F53E-9275-4699-81FB-290A406EFBF5}"
EndProject
Project("{8BC9CEB8-8B4A-11D0-8D11-00A0C91BC942}") = "Bai09b", "Bai09b\Bai09b.vcxproj", "{CBA2C87A-3810-4991-BD19-EE709FA1AC79}"
EndProject
Project("{8BC9CEB8-8B4A-11D0-8D11-00A0C91BC942}") = "Bai10a", "Bai10a\Bai10a.vcxproj", "{97AD317A-D07B-4BE4-9D2A-D2031719D82B}"
EndProject
Project("{8BC9CEB8-8B4A-11D0-8D11-00A0C91BC942}") = "Bai10b", "Bai10b\Bai10b.vcxproj", "{A015E2EB-FCCC-4F2C-84F9-AC96B925D744}"
EndProject
Project("{8BC9CEB8-8B4A-11D0-8D11-00A0C91BC942}") = "Bai11a", "Bai11a\Bai11a.vcxproj", "{AB2CC430-F9E1-4A7E-AF3A-4CCDB34B6AFB}"
EndProject
Project("{8BC9CEB8-8B4A-11D0-8D11-00A0C91BC942}") = "Bai11b", "Bai11b\Bai11b.vcxproj", "{64C048C3-BDC0-4807-9D6F-D9662065076E}"
EndProject
Project("{8BC9CEB8-8B4A-11D0-8D11-00A0C91BC942}") = "Bai12a", "Bai12a\Bai12a.vcxproj", "{C8825E62-71C1-4C31-B8C2-97D595513FEE}"
EndProject
Project("{8BC9CEB8-8B4A-11D0-8D11-00A0C91BC942}") = "Bai12b", "Bai12b\Bai12b.vcxproj", "{A6A67B21-50AC-4285-BF40-ABB3871A82E7}"
EndProject
Project("{8BC9CEB8-8B4A-11D0-8D11-00A0C91BC942}") = "Bai13b", "Bai13b\Bai13b.vcxproj", "{407059AC-5AD0-4221-A236-630FE98F4074}"
EndProject
Project("{8BC9CEB8-8B4A-11D0-8D11-00A0C91BC942}") = "Bai13a", "Bai13a\Bai13a.vcxproj", "{7F64582E-B33F-4E1B-A6D9-DEBEFF52A8B6}"
EndProject
Project("{8BC9CEB8-8B4A-11D0-8D11-00A0C91BC942}") = "Bai14a", "Bai14a\Bai14a.vcxproj", "{4EDDC2C8-F0E0-4F63-BC83-AF45BAA79E23}"
EndProject
Project("{8BC9CEB8-8B4A-11D0-8D11-00A0C91BC942}") = "Bai14b", "Bai14b\Bai14b.vcxproj", "{8B6B7E25-9AFE-4DB9-A587-489DA7ED3F54}"
EndProject
Global
	GlobalSection(SolutionConfigurationPlatforms) = preSolution
		Debug|x64 = Debug|x64
		Debug|x86 = Debug|x86
		Release|x64 = Release|x64
		Release|x86 = Release|x86
	EndGlobalSection
	GlobalSection(ProjectConfigurationPlatforms) = postSolution
		{67BA5BB8-6695-4632-8A64-60D35F37524C}.Debug|x64.ActiveCfg = Debug|x64
		{67BA5BB8-6695-4632-8A64-60D35F37524C}.Debug|x64.Build.0 = Debug|x64
		{67BA5BB8-6695-4632-8A64-60D35F37524C}.Debug|x86.ActiveCfg = Debug|Win32
		{67BA5BB8-6695-4632-8A64-60D35F37524C}.Debug|x86.Build.0 = Debug|Win32
		{67BA5BB8-6695-4632-8A64-60D35F37524C}.Release|x64.ActiveCfg = Release|x64
		{67BA5BB8-6695-4632-8A64-60D35F37524C}.Release|x64.Build.0 = Release|x64
		{67BA5BB8-6695-4632-8A64-60D35F37524C}.Release|x86.ActiveCfg = Release|Win32
		{67BA5BB8-6695-4632-8A64-60D35F37524C}.Release|x86.Build.0 = Release|Win32
		{21FD81FE-EE30-47EF-B7CD-C4FD2BB37FA8}.Debug|x64.ActiveCfg = Debug|x64
		{21FD81FE-EE30-47EF-B7CD-C4FD2BB37FA8}.Debug|x64.Build.0 = Debug|x64
		{21FD81FE-EE30-47EF-B7CD-C4FD2BB37FA8}.Debug|x86.ActiveCfg = Debug|Win32
		{21FD81FE-EE30-47EF-B7CD-C4FD2BB37FA8}.Debug|x86.Build.0 = Debug|Win32
		{21FD81FE-EE30-47EF-B7CD-C4FD2BB37FA8}.Release|x64.ActiveCfg = Release|x64
		{21FD81FE-EE30-47EF-B7CD-C4FD2BB37FA8}.Release|x64.Build.0 = Release|x64
		{21FD81FE-EE30-47EF-B7CD-C4FD2BB37FA8}.Release|x86.ActiveCfg = Release|Win32
		{21FD81FE-EE30-47EF-B7CD-C4FD2BB37FA8}.Release|x86.Build.0 = Release|Win32
		{68B746D5-5F81-4861-9C81-89E06C0F1408}.Debug|x64.ActiveCfg = Debug|x64
		{68B746D5-5F81-4861-9C81-89E06C0F1408}.Debug|x64.Build.0 = Debug|x64
		{68B746D5-5F81-4861-9C81-89E06C0F1408}.Debug|x86.ActiveCfg = Debug|Win32
		{68B746D5-5F81-4861-9C81-89E06C0F1408}.Debug|x86.Build.0 = Debug|Win32
		{68B746D5-5F81-4861-9C81-89E06C0F1408}.Release|x64.ActiveCfg = Release|x64
		{68B746D5-5F81-4861-9C81-89E06C0F1408}.Release|x64.Build.0 = Release|x64
		{68B746D5-5F81-4861-9C81-89E06C0F1408}.Release|x86.ActiveCfg = Release|Win32
		{68B746D5-5F81-4861-9C81-89E06C0F1408}.Release|x86.Build.0 = Release|Win32
		{2A65E1DE-B6DA-4432-95A5-074978BDA53B}.Debug|x64.ActiveCfg = Debug|x64
		{2A65E1DE-B6DA-4432-95A5-074978BDA53B}.Debug|x64.Build.0 = Debug|x64
		{2A65E1DE-B6DA-4432-95A5-074978BDA53B}.Debug|x86.ActiveCfg = Debug|Win32
		{2A65E1DE-B6DA-4432-95A5-074978BDA53B}.Debug|x86.Build.0 = Debug|Win32
		{2A65E1DE-B6DA-4432-95A5-074978BDA53B}.Release|x64.ActiveCfg = Release|x64
		{2A65E1DE-B6DA-4432-95A5-074978BDA53B}.Release|x64.Build.0 = Release|x64
		{2A65E1DE-B6DA-4432-95A5-074978BDA53B}.Release|x86.ActiveCfg = Release|Win32
		{2A65E1DE-B6DA-4432-95A5-074978BDA53B}.Release|x86.Build.0 = Release|Win32
		{C84A61F3-7E47-4D75-BF7F-F98E493B4FAB}.Debug|x64.ActiveCfg = Debug|x64
		{C84A61F3-7E47-4D75-BF7F-F98E493B4FAB}.Debug|x64.Build.0 = Debug|x64
		{C84A61F3-7E47-4D75-BF7F-F98E493B4FAB}.Debug|x86.ActiveCfg = Debug|Win32
		{C84A61F3-7E47-4D75-BF7F-F98E493B4FAB}.Debug|x86.Build.0 = Debug|Win32
		{C84A61F3-7E47-4D75-BF7F-F98E493B4FAB}.Release|x64.ActiveCfg = Release|x64
		{C84A61F3-7E47-4D75-BF7F-F98E493B4FAB}.Release|x64.Build.0 = Release|x64
		{C84A61F3-7E47-4D75-BF7F-F98E493B4FAB}.Release|x86.ActiveCfg = Release|Win32
		{C84A61F3-7E47-4D75-BF7F-F98E493B4FAB}.Release|x86.Build.0 = Release|Win32
		{E1CD8194-12A6-44D2-A5F4-C4E7ECDE5DED}.Debug|x64.ActiveCfg = Debug|x64
		{E1CD8194-12A6-44D2-A5F4-C4E7ECDE5DED}.Debug|x64.Build.0 = Debug|x64
		{E1CD8194-12A6-44D2-A5F4-C4E7ECDE5DED}.Debug|x86.ActiveCfg = Debug|Win32
		{E1CD8194-12A6-44D2-A5F4-C4E7ECDE5DED}.Debug|x86.Build.0 = Debug|Win32
		{E1CD8194-12A6-44D2-A5F4-C4E7ECDE5DED}.Release|x64.ActiveCfg = Release|x64
		{E1CD8194-12A6-44D2-A5F4-C4E7ECDE5DED}.Release|x64.Build.0 = Release|x64
		{E1CD8194-12A6-44D2-A5F4-C4E7ECDE5DED}.Release|x86.ActiveCfg = Release|Win32
		{E1CD8194-12A6-44D2-A5F4-C4E7ECDE5DED}.Release|x86.Build.0 = Release|Win32
		{BF872D68-CDBB-4949-89FB-EBCDF778F312}.Debug|x64.ActiveCfg = Debug|x64
		{BF872D68-CDBB-4949-89FB-EBCDF778F312}.Debug|x64.Build.0 = Debug|x64
		{BF872D68-CDBB-4949-89FB-EBCDF778F312}.Debug|x86.ActiveCfg = Debug|Win32
		{BF872D68-CDBB-4949-89FB-EBCDF778F312}.Debug|x86.Build.0 = Debug|Win32
		{BF872D68-CDBB-4949-89FB-EBCDF778F312}.Release|x64.ActiveCfg = Release|x64
		{BF872D68-CDBB-4949-89FB-EBCDF778F312}.Release|x64.Build.0 = Release|x64
		{BF872D68-CDBB-4949-89FB-EBCDF778F312}.Release|x86.ActiveCfg = Release|Win32
		{BF872D68-CDBB-4949-89FB-EBCDF778F312}.Release|x86.Build.0 = Release|Win32
		{3102A637-B461-4AC8-90E5-DADB4C6F4AC7}.Debug|x64.ActiveCfg = Debug|x64
		{3102A637-B461-4AC8-90E5-DADB4C6F4AC7}.Debug|x64.Build.0 = Debug|x64
		{3102A637-B461-4AC8-90E5-DADB4C6F4AC7}.Debug|x86.ActiveCfg = Debug|Win32
		{3102A637-B461-4AC8-90E5-DADB4C6F4AC7}.Debug|x86.Build.0 = Debug|Win32
		{3102A637-B461-4AC8-90E5-DADB4C6F4AC7}.Release|x64.ActiveCfg = Release|x64
		{3102A637-B461-4AC8-90E5-DADB4C6F4AC7}.Release|x64.Build.0 = Release|x64
		{3102A637-B461-4AC8-90E5-DADB4C6F4AC7}.Release|x86.ActiveCfg = Release|Win32
		{3102A637-B461-4AC8-90E5-DADB4C6F4AC7}.Release|x86.Build.0 = Release|Win32
		{00D288A7-C003-45DE-A611-57FD2408C835}.Debug|x64.ActiveCfg = Debug|x64
		{00D288A7-C003-45DE-A611-57FD2408C835}.Debug|x64.Build.0 = Debug|x64
		{00D288A7-C003-45DE-A611-57FD2408C835}.Debug|x86.ActiveCfg = Debug|Win32
		{00D288A7-C003-45DE-A611-57FD2408C835}.Debug|x86.Build.0 = Debug|Win32
		{00D288A7-C003-45DE-A611-57FD2408C835}.Release|x64.ActiveCfg = Release|x64
		{00D288A7-C003-45DE-A611-57FD2408C835}.Release|x64.Build.0 = Release|x64
		{00D288A7-C003-45DE-A611-57FD2408C835}.Release|x86.ActiveCfg = Release|Win32
		{00D288A7-C003-45DE-A611-57FD2408C835}.Release|x86.Build.0 = Release|Win32
		{9309857B-EEB4-4088-8BC5-35A87BE98559}.Debug|x64.ActiveCfg = Debug|x64
		{9309857B-EEB4-4088-8BC5-35A87BE98559}.Debug|x64.Build.0 = Debug|x64
		{9309857B-EEB4-4088-8BC5-35A87BE98559}.Debug|x86.ActiveCfg = Debug|Win32
		{9309857B-EEB4-4088-8BC5-35A87BE98559}.Debug|x86.Build.0 = Debug|Win32
		{9309857B-EEB4-4088-8BC5-35A87BE98559}.Release|x64.ActiveCfg = Release|x64
		{9309857B-EEB4-4088-8BC5-35A87BE98559}.Release|x64.Build.0 = Release|x64
		{9309857B-EEB4-4088-8BC5-35A87BE98559}.Release|x86.ActiveCfg = Release|Win32
		{9309857B-EEB4-4088-8BC5-35A87BE98559}.Release|x86.Build.0 = Release|Win32
		{EA82AAC6-2D1D-4B58-BD6B-876450DE8553}.Debug|x64.ActiveCfg = Debug|x64
		{EA82AAC6-2D1D-4B58-BD6B-876450DE8553}.Debug|x64.Build.0 = Debug|x64
		{EA82AAC6-2D1D-4B58-BD6B-876450DE8553}.Debug|x86.ActiveCfg = Debug|Win32
		{EA82AAC6-2D1D-4B58-BD6B-876450DE8553}.Debug|x86.Build.0 = Debug|Win32
		{EA82AAC6-2D1D-4B58-BD6B-876450DE8553}.Release|x64.ActiveCfg = Release|x64
		{EA82AAC6-2D1D-4B58-BD6B-876450DE8553}.Release|x64.Build.0 = Release|x64
		{EA82AAC6-2D1D-4B58-BD6B-876450DE8553}.Release|x86.ActiveCfg = Release|Win32
		{EA82AAC6-2D1D-4B58-BD6B-876450DE8553}.Release|x86.Build.0 = Release|Win32
		{3110255C-AB94-4940-93AD-C00F8BDF51F9}.Debug|x64.ActiveCfg = Debug|x64
		{3110255C-AB94-4940-93AD-C00F8BDF51F9}.Debug|x64.Build.0 = Debug|x64
		{3110255C-AB94-4940-93AD-C00F8BDF51F9}.Debug|x86.ActiveCfg = Debug|Win32
		{3110255C-AB94-4940-93AD-C00F8BDF51F9}.Debug|x86.Build.0 = Debug|Win32
		{3110255C-AB94-4940-93AD-C00F8BDF51F9}.Release|x64.ActiveCfg = Release|x64
		{3110255C-AB94-4940-93AD-C00F8BDF51F9}.Release|x64.Build.0 = Release|x64
		{3110255C-AB94-4940-93AD-C00F8BDF51F9}.Release|x86.ActiveCfg = Release|Win32
		{3110255C-AB94-4940-93AD-C00F8BDF51F9}.Release|x86.Build.0 = Release|Win32
		{CD7D49C0-D71E-4288-8B8C-760665B258FD}.Debug|x64.ActiveCfg = Debug|x64
		{CD7D49C0-D71E-4288-8B8C-760665B258FD}.Debug|x64.Build.0 = Debug|x64
		{CD7D49C0-D71E-4288-8B8C-760665B258FD}.Debug|x86.ActiveCfg = Debug|Win32
		{CD7D49C0-D71E-4288-8B8C-760665B258FD}.Debug|x86.Build.0 = Debug|Win32
		{CD7D49C0-D71E-4288-8B8C-760665B258FD}.Release|x64.ActiveCfg = Release|x64
		{CD7D49C0-D71E-4288-8B8C-760665B258FD}.Release|x64.Build.0 = Release|x64
		{CD7D49C0-D71E-4288-8B8C-760665B258FD}.Release|x86.ActiveCfg = Release|Win32
		{CD7D49C0-D71E-4288-8B8C-760665B258FD}.Release|x86.Build.0 = Release|Win32
		{EC6512BC-4E86-4239-841D-9D3591FC5663}.Debug|x64.ActiveCfg = Debug|x64
		{EC6512BC-4E86-4239-841D-9D3591FC5663}.Debug|x64.Build.0 = Debug|x64
		{EC6512BC-4E86-4239-841D-9D3591FC5663}.Debug|x86.ActiveCfg = Debug|Win32
		{EC6512BC-4E86-4239-841D-9D3591FC5663}.Debug|x86.Build.0 = Debug|Win32
		{EC6512BC-4E86-4239-841D-9D3591FC5663}.Release|x64.ActiveCfg = Release|x64
		{EC6512BC-4E86-4239-841D-9D3591FC5663}.Release|x64.Build.0 = Release|x64
		{EC6512BC-4E86-4239-841D-9D3591FC5663}.Release|x86.ActiveCfg = Release|Win32
		{EC6512BC-4E86-4239-841D-9D3591FC5663}.Release|x86.Build.0 = Release|Win32
		{B368B5DB-7E04-438A-BBD4-1DD4305FB792}.Debug|x64.ActiveCfg = Debug|x64
		{B368B5DB-7E04-438A-BBD4-1DD4305FB792}.Debug|x64.Build.0 = Debug|x64
		{B368B5DB-7E04-438A-BBD4-1DD4305FB792}.Debug|x86.ActiveCfg = Debug|Win32
		{B368B5DB-7E04-438A-BBD4-1DD4305FB792}.Debug|x86.Build.0 = Debug|Win32
		{B368B5DB-7E04-438A-BBD4-1DD4305FB792}.Release|x64.ActiveCfg = Release|x64
		{B368B5DB-7E04-438A-BBD4-1DD4305FB792}.Release|x64.Build.0 = Release|x64
		{B368B5DB-7E04-438A-BBD4-1DD4305FB792}.Release|x86.ActiveCfg = Release|Win32
		{B368B5DB-7E04-438A-BBD4-1DD4305FB792}.Release|x86.Build.0 = Release|Win32
		{B59AE4BE-A8FF-4C8F-91D1-8C69746E3F38}.Debug|x64.ActiveCfg = Debug|x64
		{B59AE4BE-A8FF-4C8F-91D1-8C69746E3F38}.Debug|x64.Build.0 = Debug|x64
		{B59AE4BE-A8FF-4C8F-91D1-8C69746E3F38}.Debug|x86.ActiveCfg = Debug|Win32
		{B59AE4BE-A8FF-4C8F-91D1-8C69746E3F38}.Debug|x86.Build.0 = Debug|Win32
		{B59AE4BE-A8FF-4C8F-91D1-8C69746E3F38}.Release|x64.ActiveCfg = Release|x64
		{B59AE4BE-A8FF-4C8F-91D1-8C69746E3F38}.Release|x64.Build.0 = Release|x64
		{B59AE4BE-A8FF-4C8F-91D1-8C69746E3F38}.Release|x86.ActiveCfg = Release|Win32
		{B59AE4BE-A8FF-4C8F-91D1-8C69746E3F38}.Release|x86.Build.0 = Release|Win32
		{DBD4F53E-9275-4699-81FB-290A406EFBF5}.Debug|x64.ActiveCfg = Debug|x64
		{DBD4F53E-9275-4699-81FB-290A406EFBF5}.Debug|x64.Build.0 = Debug|x64
		{DBD4F53E-9275-4699-81FB-290A406EFBF5}.Debug|x86.ActiveCfg = Debug|Win32
		{DBD4F53E-9275-4699-81FB-290A406EFBF5}.Debug|x86.Build.0 = Debug|Win32
		{DBD4F53E-9275-4699-81FB-290A406EFBF5}.Release|x64.ActiveCfg = Release|x64
		{DBD4F53E-9275-4699-81FB-290A406EFBF5}.Release|x64.Build.0 = Release|x64
		{DBD4F53E-9275-4699-81FB-290A406EFBF5}.Release|x86.ActiveCfg = Release|Win32
		{DBD4F53E-9275-4699-81FB-290A406EFBF5}.Release|x86.Build.0 = Release|Win32
		{CBA2C87A-3810-4991-BD19-EE709FA1AC79}.Debug|x64.ActiveCfg = Debug|x64
		{CBA2C87A-3810-4991-BD19-EE709FA1AC79}.Debug|x64.Build.0 = Debug|x64
		{CBA2C87A-3810-4991-BD19-EE709FA1AC79}.Debug|x86.ActiveCfg = Debug|Win32
		{CBA2C87A-3810-4991-BD19-EE709FA1AC79}.Debug|x86.Build.0 = Debug|Win32
		{CBA2C87A-3810-4991-BD19-EE709FA1AC79}.Release|x64.ActiveCfg = Release|x64
		{CBA2C87A-3810-4991-BD19-EE709FA1AC79}.Release|x64.Build.0 = Release|x64
		{CBA2C87A-3810-4991-BD19-EE709FA1AC79}.Release|x86.ActiveCfg = Release|Win32
		{CBA2C87A-3810-4991-BD19-EE709FA1AC79}.Release|x86.Build.0 = Release|Win32
		{97AD317A-D07B-4BE4-9D2A-D2031719D82B}.Debug|x64.ActiveCfg = Debug|x64
		{97AD317A-D07B-4BE4-9D2A-D2031719D82B}.Debug|x64.Build.0 = Debug|x64
		{97AD317A-D07B-4BE4-9D2A-D2031719D82B}.Debug|x86.ActiveCfg = Debug|Win32
		{97AD317A-D07B-4BE4-9D2A-D2031719D82B}.Debug|x86.Build.0 = Debug|Win32
		{97AD317A-D07B-4BE4-9D2A-D2031719D82B}.Release|x64.ActiveCfg = Release|x64
		{97AD317A-D07B-4BE4-9D2A-D2031719D82B}.Release|x64.Build.0 = Release|x64
		{97AD317A-D07B-4BE4-9D2A-D2031719D82B}.Release|x86.ActiveCfg = Release|Win32
		{97AD317A-D07B-4BE4-9D2A-D2031719D82B}.Release|x86.Build.0 = Release|Win32
		{A015E2EB-FCCC-4F2C-84F9-AC96B925D744}.Debug|x64.ActiveCfg = Debug|x64
		{A015E2EB-FCCC-4F2C-84F9-AC96B925D744}.Debug|x64.Build.0 = Debug|x64
		{A015E2EB-FCCC-4F2C-84F9-AC96B925D744}.Debug|x86.ActiveCfg = Debug|Win32
		{A015E2EB-FCCC-4F2C-84F9-AC96B925D744}.Debug|x86.Build.0 = Debug|Win32
		{A015E2EB-FCCC-4F2C-84F9-AC96B925D744}.Release|x64.ActiveCfg = Release|x64
		{A015E2EB-FCCC-4F2C-84F9-AC96B925D744}.Release|x64.Build.0 = Release|x64
		{A015E2EB-FCCC-4F2C-84F9-AC96B925D744}.Release|x86.ActiveCfg = Release|Win32
		{A015E2EB-FCCC-4F2C-84F9-AC96B925D744}.Release|x86.Build.0 = Release|Win32
		{AB2CC430-F9E1-4A7E-AF3A-4CCDB34B6AFB}.Debug|x64.ActiveCfg = Debug|x64
		{AB2CC430-F9E1-4A7E-AF3A-4CCDB34B6AFB}.Debug|x64.Build.0 = Debug|x64
		{AB2CC430-F9E1-4A7E-AF3A-4CCDB34B6AFB}.Debug|x86.ActiveCfg = Debug|Win32
		{AB2CC430-F9E1-4A7E-AF3A-4CCDB34B6AFB}.Debug|x86.Build.0 = Debug|Win32
		{AB2CC430-F9E1-4A7E-AF3A-4CCDB34B6AFB}.Release|x64.ActiveCfg = Release|x64
		{AB2CC430-F9E1-4A7E-AF3A-4CCDB34B6AFB}.Release|x64.Build.0 = Release|x64
		{AB2CC430-F9E1-4A7E-AF3A-4CCDB34B6AFB}.Release|x86.ActiveCfg = Release|Win32
		{AB2CC430-F9E1-4A7E-AF3A-4CCDB34B6AFB}.Release|x86.Build.0 = Release|Win32
		{64C048C3-BDC0-4807-9D6F-D9662065076E}.Debug|x64.ActiveCfg = Debug|x64
		{64C048C3-BDC0-4807-9D6F-D9662065076E}.Debug|x64.Build.0 = Debug|x64
		{64C048C3-BDC0-4807-9D6F-D9662065076E}.Debug|x86.ActiveCfg = Debug|Win32
		{64C048C3-BDC0-4807-9D6F-D9662065076E}.Debug|x86.Build.0 = Debug|Win32
		{64C048C3-BDC0-4807-9D6F-D9662065076E}.Release|x64.ActiveCfg = Release|x64
		{64C048C3-BDC0-4807-9D6F-D9662065076E}.Release|x64.Build.0 = Release|x64
		{64C048C3-BDC0-4807-9D6F-D9662065076E}.Release|x86.ActiveCfg = Release|Win32
		{64C048C3-BDC0-4807-9D6F-D9662065076E}.Release|x86.Build.0 = Release|Win32
		{C8825E62-71C1-4C31-B8C2-97D595513FEE}.Debug|x64.ActiveCfg = Debug|x64
		{C8825E62-71C1-4C31-B8C2-97D595513FEE}.Debug|x64.Build.0 = Debug|x64
		{C8825E62-71C1-4C31-B8C2-97D595513FEE}.Debug|x86.ActiveCfg = Debug|Win32
		{C8825E62-71C1-4C31-B8C2-97D595513FEE}.Debug|x86.Build.0 = Debug|Win32
		{C8825E62-71C1-4C31-B8C2-97D595513FEE}.Release|x64.ActiveCfg = Release|x64
		{C8825E62-71C1-4C31-B8C2-97D595513FEE}.Release|x64.Build.0 = Release|x64
		{C8825E62-71C1-4C31-B8C2-97D595513FEE}.Release|x86.ActiveCfg = Release|Win32
		{C8825E62-71C1-4C31-B8C2-97D595513FEE}.Release|x86.Build.0 = Release|Win32
		{A6A67B21-50AC-4285-BF40-ABB3871A82E7}.Debug|x64.ActiveCfg = Debug|x64
		{A6A67B21-50AC-4285-BF40-ABB3871A82E7}.Debug|x64.Build.0 = Debug|x64
		{A6A67B21-50AC-4285-BF40-ABB3871A82E7}.Debug|x86.ActiveCfg = Debug|Win32
		{A6A67B21-50AC-4285-BF40-ABB3871A82E7}.Debug|x86.Build.0 = Debug|Win32
		{A6A67B21-50AC-4285-BF40-ABB3871A82E7}.Release|x64.ActiveCfg = Release|x64
		{A6A67B21-50AC-4285-BF40-ABB3871A82E7}.Release|x64.Build.0 = Release|x64
		{A6A67B21-50AC-4285-BF40-ABB3871A82E7}.Release|x86.ActiveCfg = Release|Win32
		{A6A67B21-50AC-4285-BF40-ABB3871A82E7}.Release|x86.Build.0 = Release|Win32
		{407059AC-5AD0-4221-A236-630FE98F4074}.Debug|x64.ActiveCfg = Debug|x64
		{407059AC-5AD0-4221-A236-630FE98F4074}.Debug|x64.Build.0 = Debug|x64
		{407059AC-5AD0-4221-A236-630FE98F4074}.Debug|x86.ActiveCfg = Debug|Win32
		{407059AC-5AD0-4221-A236-630FE98F4074}.Debug|x86.Build.0 = Debug|Win32
		{407059AC-5AD0-4221-A236-630FE98F4074}.Release|x64.ActiveCfg = Release|x64
		{407059AC-5AD0-4221-A236-630FE98F4074}.Release|x64.Build.0 = Release|x64
		{407059AC-5AD0-4221-A236-630FE98F4074}.Release|x86.ActiveCfg = Release|Win32
		{407059AC-5AD0-4221-A236-630FE98F4074}.Release|x86.Build.0 = Release|Win32
		{7F64582E-B33F-4E1B-A6D9-DEBEFF52A8B6}.Debug|x64.ActiveCfg = Debug|x64
		{7F64582E-B33F-4E1B-A6D9-DEBEFF52A8B6}.Debug|x64.Build.0 = Debug|x64
		{7F64582E-B33F-4E1B-A6D9-DEBEFF52A8B6}.Debug|x86.ActiveCfg = Debug|Win32
		{7F64582E-B33F-4E1B-A6D9-DEBEFF52A8B6}.Debug|x86.Build.0 = Debug|Win32
		{7F64582E-B33F-4E1B-A6D9-DEBEFF52A8B6}.Release|x64.ActiveCfg = Release|x64
		{7F64582E-B33F-4E1B-A6D9-DEBEFF52A8B6}.Release|x64.Build.0 = Release|x64
		{7F64582E-B33F-4E1B-A6D9-DEBEFF52A8B6}.Release|x86.ActiveCfg = Release|Win32
		{7F64582E-B33F-4E1B-A6D9-DEBEFF52A8B6}.Release|x86.Build.0 = Release|Win32
		{4EDDC2C8-F0E0-4F63-BC83-AF45BAA79E23}.Debug|x64.ActiveCfg = Debug|x64
		{4EDDC2C8-F0E0-4F63-BC83-AF45BAA79E23}.Debug|x64.Build.0 = Debug|x64
		{4EDDC2C8-F0E0-4F63-BC83-AF45BAA79E23}.Debug|x86.ActiveCfg = Debug|Win32
		{4EDDC2C8-F0E0-4F63-BC83-AF45BAA79E23}.Debug|x86.Build.0 = Debug|Win32
		{4EDDC2C8-F0E0-4F63-BC83-AF45BAA79E23}.Release|x64.ActiveCfg = Release|x64
		{4EDDC2C8-F0E0-4F63-BC83-AF45BAA79E23}.Release|x64.Build.0 = Release|x64
		{4EDDC2C8-F0E0-4F63-BC83-AF45BAA79E23}.Release|x86.ActiveCfg = Release|Win32
		{4EDDC2C8-F0E0-4F63-BC83-AF45BAA79E23}.Release|x86.Build.0 = Release|Win32
		{8B6B7E25-9AFE-4DB9-A587-489DA7ED3F54}.Debug|x64.ActiveCfg = Debug|x64
		{8B6B7E25-9AFE-4DB9-A587-489DA7ED3F54}.Debug|x64.Build.0 = Debug|x64
		{8B6B7E25-9AFE-4DB9-A587-489DA7ED3F54}.Debug|x86.ActiveCfg = Debug|Win32
		{8B6B7E25-9AFE-4DB9-A587-489DA7ED3F54}.Debug|x86.Build.0 = Debug|Win32
		{8B6B7E25-9AFE-4DB9-A587-489DA7ED3F54}.Release|x64.ActiveCfg = Release|x64
		{8B6B7E25-9AFE-4DB9-A587-489DA7ED3F54}.Release|x64.Build.0 = Release|x64
		{8B6B7E25-9AFE-4DB9-A587-489DA7ED3F54}.Release|x86.ActiveCfg = Release|Win32
		{8B6B7E25-9AFE-4DB9-A587-489DA7ED3F54}.Release|x86.Build.0 = Release|Win32
	EndGlobalSection
	GlobalSection(SolutionProperties) = preSolution
		HideSolutionNode = FALSE
	EndGlobalSection
	GlobalSection(ExtensibilityGlobals) = postSolution
		SolutionGuid = {201E9D60-354E-49C0-99E8-269553EE86E3}
	EndGlobalSection
EndGlobal
